
Microsoft Visual Studio Solution File, Format Version 12.00
# Visual Studio Version 17
VisualStudioVersion = 17.11.35222.181
MinimumVisualStudioVersion = 10.0.40219.1
Project("{FAE04EC0-301F-11D3-BF4B-00C04F79EFBC}") = "PersonalTrackingAutomation", "PersonalTrackingAutomation\PersonalTrackingAutomation.csproj", "{AD74C4D3-265B-4627-9769-B1B1CCA5DA0B}"
EndProject
Global
	GlobalSection(SolutionConfigurationPlatforms) = preSolution
		Debug|Any CPU = Debug|Any CPU
		Release|Any CPU = Release|Any CPU
	EndGlobalSection
	GlobalSection(ProjectConfigurationPlatforms) = postSolution
		{AD74C4D3-265B-4627-9769-B1B1CCA5DA0B}.Debug|Any CPU.ActiveCfg = Debug|Any CPU
		{AD74C4D3-265B-4627-9769-B1B1CCA5DA0B}.Debug|Any CPU.Build.0 = Debug|Any CPU
		{AD74C4D3-265B-4627-9769-B1B1CCA5DA0B}.Release|Any CPU.ActiveCfg = Release|Any CPU
		{AD74C4D3-265B-4627-9769-B1B1CCA5DA0B}.Release|Any CPU.Build.0 = Release|Any CPU
	EndGlobalSection
	GlobalSection(SolutionProperties) = preSolution
		HideSolutionNode = FALSE
	EndGlobalSection
	GlobalSection(ExtensibilityGlobals) = postSolution
		SolutionGuid = {4B92F193-8985-4884-B378-64776D657787}
	EndGlobalSection
EndGlobal
